
Microsoft Visual Studio Solution File, Format Version 12.00
# Visual Studio Version 16
VisualStudioVersion = 16.0.31624.102
MinimumVisualStudioVersion = 10.0.40219.1
Project("{FAE04EC0-301F-11D3-BF4B-00C04F79EFBC}") = "Exercicio2", "Exercicio2\Exercicio2.csproj", "{216B7475-DF31-41A3-B635-94A2CEF8C4C5}"
EndProject
Global
	GlobalSection(SolutionConfigurationPlatforms) = preSolution
		Debug|Any CPU = Debug|Any CPU
		Release|Any CPU = Release|Any CPU
	EndGlobalSection
	GlobalSection(ProjectConfigurationPlatforms) = postSolution
		{216B7475-DF31-41A3-B635-94A2CEF8C4C5}.Debug|Any CPU.ActiveCfg = Debug|Any CPU
		{216B7475-DF31-41A3-B635-94A2CEF8C4C5}.Debug|Any CPU.Build.0 = Debug|Any CPU
		{216B7475-DF31-41A3-B635-94A2CEF8C4C5}.Release|Any CPU.ActiveCfg = Release|Any CPU
		{216B7475-DF31-41A3-B635-94A2CEF8C4C5}.Release|Any CPU.Build.0 = Release|Any CPU
	EndGlobalSection
	GlobalSection(SolutionProperties) = preSolution
		HideSolutionNode = FALSE
	EndGlobalSection
	GlobalSection(ExtensibilityGlobals) = postSolution
		SolutionGuid = {47730EF9-F171-45BC-B149-FC721E7B6E3B}
	EndGlobalSection
EndGlobal
