
Microsoft Visual Studio Solution File, Format Version 12.00
# Visual Studio Version 16
VisualStudioVersion = 16.0.31624.102
MinimumVisualStudioVersion = 10.0.40219.1
Project("{FAE04EC0-301F-11D3-BF4B-00C04F79EFBC}") = "Exercicio4", "Exercicio4\Exercicio4.csproj", "{69511FC8-35F3-4A84-9EAF-241CE6A0C490}"
EndProject
Global
	GlobalSection(SolutionConfigurationPlatforms) = preSolution
		Debug|Any CPU = Debug|Any CPU
		Release|Any CPU = Release|Any CPU
	EndGlobalSection
	GlobalSection(ProjectConfigurationPlatforms) = postSolution
		{69511FC8-35F3-4A84-9EAF-241CE6A0C490}.Debug|Any CPU.ActiveCfg = Debug|Any CPU
		{69511FC8-35F3-4A84-9EAF-241CE6A0C490}.Debug|Any CPU.Build.0 = Debug|Any CPU
		{69511FC8-35F3-4A84-9EAF-241CE6A0C490}.Release|Any CPU.ActiveCfg = Release|Any CPU
		{69511FC8-35F3-4A84-9EAF-241CE6A0C490}.Release|Any CPU.Build.0 = Release|Any CPU
	EndGlobalSection
	GlobalSection(SolutionProperties) = preSolution
		HideSolutionNode = FALSE
	EndGlobalSection
	GlobalSection(ExtensibilityGlobals) = postSolution
		SolutionGuid = {C3C74B31-6EEC-4300-BAB7-A41AC224CDCA}
	EndGlobalSection
EndGlobal
