
Microsoft Visual Studio Solution File, Format Version 12.00
# Visual Studio Version 16
VisualStudioVersion = 16.0.31624.102
MinimumVisualStudioVersion = 10.0.40219.1
Project("{FAE04EC0-301F-11D3-BF4B-00C04F79EFBC}") = "Exercicio1", "Exercicio1\Exercicio1.csproj", "{7DF91F13-260E-4CC0-AFD9-C5D35DE7FA89}"
EndProject
Global
	GlobalSection(SolutionConfigurationPlatforms) = preSolution
		Debug|Any CPU = Debug|Any CPU
		Release|Any CPU = Release|Any CPU
	EndGlobalSection
	GlobalSection(ProjectConfigurationPlatforms) = postSolution
		{7DF91F13-260E-4CC0-AFD9-C5D35DE7FA89}.Debug|Any CPU.ActiveCfg = Debug|Any CPU
		{7DF91F13-260E-4CC0-AFD9-C5D35DE7FA89}.Debug|Any CPU.Build.0 = Debug|Any CPU
		{7DF91F13-260E-4CC0-AFD9-C5D35DE7FA89}.Release|Any CPU.ActiveCfg = Release|Any CPU
		{7DF91F13-260E-4CC0-AFD9-C5D35DE7FA89}.Release|Any CPU.Build.0 = Release|Any CPU
	EndGlobalSection
	GlobalSection(SolutionProperties) = preSolution
		HideSolutionNode = FALSE
	EndGlobalSection
	GlobalSection(ExtensibilityGlobals) = postSolution
		SolutionGuid = {D8B155C5-7987-4550-96A4-36146B8580C0}
	EndGlobalSection
EndGlobal
