
Microsoft Visual Studio Solution File, Format Version 12.00
# Visual Studio Version 16
VisualStudioVersion = 16.0.31624.102
MinimumVisualStudioVersion = 10.0.40219.1
Project("{FAE04EC0-301F-11D3-BF4B-00C04F79EFBC}") = "ExercicioMatriz", "ExercicioMatriz\ExercicioMatriz.csproj", "{B2E315DA-CF0D-4BAC-8A0F-6951F32DDD5A}"
EndProject
Global
	GlobalSection(SolutionConfigurationPlatforms) = preSolution
		Debug|Any CPU = Debug|Any CPU
		Release|Any CPU = Release|Any CPU
	EndGlobalSection
	GlobalSection(ProjectConfigurationPlatforms) = postSolution
		{B2E315DA-CF0D-4BAC-8A0F-6951F32DDD5A}.Debug|Any CPU.ActiveCfg = Debug|Any CPU
		{B2E315DA-CF0D-4BAC-8A0F-6951F32DDD5A}.Debug|Any CPU.Build.0 = Debug|Any CPU
		{B2E315DA-CF0D-4BAC-8A0F-6951F32DDD5A}.Release|Any CPU.ActiveCfg = Release|Any CPU
		{B2E315DA-CF0D-4BAC-8A0F-6951F32DDD5A}.Release|Any CPU.Build.0 = Release|Any CPU
	EndGlobalSection
	GlobalSection(SolutionProperties) = preSolution
		HideSolutionNode = FALSE
	EndGlobalSection
	GlobalSection(ExtensibilityGlobals) = postSolution
		SolutionGuid = {5C955571-3154-4B99-B89A-5C77FAD8ADD0}
	EndGlobalSection
EndGlobal
