
Microsoft Visual Studio Solution File, Format Version 12.00
# Visual Studio Version 16
VisualStudioVersion = 16.0.31624.102
MinimumVisualStudioVersion = 10.0.40219.1
Project("{FAE04EC0-301F-11D3-BF4B-00C04F79EFBC}") = "Exercicio3", "Exercicio3\Exercicio3.csproj", "{EBB28DE9-3C5F-40D2-8037-039F36EFD9C7}"
EndProject
Global
	GlobalSection(SolutionConfigurationPlatforms) = preSolution
		Debug|Any CPU = Debug|Any CPU
		Release|Any CPU = Release|Any CPU
	EndGlobalSection
	GlobalSection(ProjectConfigurationPlatforms) = postSolution
		{EBB28DE9-3C5F-40D2-8037-039F36EFD9C7}.Debug|Any CPU.ActiveCfg = Debug|Any CPU
		{EBB28DE9-3C5F-40D2-8037-039F36EFD9C7}.Debug|Any CPU.Build.0 = Debug|Any CPU
		{EBB28DE9-3C5F-40D2-8037-039F36EFD9C7}.Release|Any CPU.ActiveCfg = Release|Any CPU
		{EBB28DE9-3C5F-40D2-8037-039F36EFD9C7}.Release|Any CPU.Build.0 = Release|Any CPU
	EndGlobalSection
	GlobalSection(SolutionProperties) = preSolution
		HideSolutionNode = FALSE
	EndGlobalSection
	GlobalSection(ExtensibilityGlobals) = postSolution
		SolutionGuid = {455ED0F0-83F7-4BFD-A4B5-98F9F227B73E}
	EndGlobalSection
EndGlobal
