
Microsoft Visual Studio Solution File, Format Version 12.00
# Visual Studio Version 16
VisualStudioVersion = 16.0.31624.102
MinimumVisualStudioVersion = 10.0.40219.1
Project("{FAE04EC0-301F-11D3-BF4B-00C04F79EFBC}") = "Exercicio6", "Exercicio6\Exercicio6.csproj", "{845E8DB3-CC17-4DCA-A21A-C8568FD3721A}"
EndProject
Global
	GlobalSection(SolutionConfigurationPlatforms) = preSolution
		Debug|Any CPU = Debug|Any CPU
		Release|Any CPU = Release|Any CPU
	EndGlobalSection
	GlobalSection(ProjectConfigurationPlatforms) = postSolution
		{845E8DB3-CC17-4DCA-A21A-C8568FD3721A}.Debug|Any CPU.ActiveCfg = Debug|Any CPU
		{845E8DB3-CC17-4DCA-A21A-C8568FD3721A}.Debug|Any CPU.Build.0 = Debug|Any CPU
		{845E8DB3-CC17-4DCA-A21A-C8568FD3721A}.Release|Any CPU.ActiveCfg = Release|Any CPU
		{845E8DB3-CC17-4DCA-A21A-C8568FD3721A}.Release|Any CPU.Build.0 = Release|Any CPU
	EndGlobalSection
	GlobalSection(SolutionProperties) = preSolution
		HideSolutionNode = FALSE
	EndGlobalSection
	GlobalSection(ExtensibilityGlobals) = postSolution
		SolutionGuid = {E66CCC11-D6B4-4D08-A985-BBCB163B6089}
	EndGlobalSection
EndGlobal
